
Microsoft Visual Studio Solution File, Format Version 12.00
# Visual Studio Version 16
VisualStudioVersion = 16.0.29215.179
MinimumVisualStudioVersion = 10.0.40219.1
Project("{FAE04EC0-301F-11D3-BF4B-00C04F79EFBC}") = "VisualStudio2019", "VisualStudio2019.csproj", "{0A371C01-0076-4142-A28E-8347915D3BBF}"
EndProject
Global
	GlobalSection(SolutionConfigurationPlatforms) = preSolution
		Debug|Any CPU = Debug|Any CPU
		Release|Any CPU = Release|Any CPU
	EndGlobalSection
	GlobalSection(ProjectConfigurationPlatforms) = postSolution
		{0A371C01-0076-4142-A28E-8347915D3BBF}.Debug|Any CPU.ActiveCfg = Debug|Any CPU
		{0A371C01-0076-4142-A28E-8347915D3BBF}.Debug|Any CPU.Build.0 = Debug|Any CPU
		{0A371C01-0076-4142-A28E-8347915D3BBF}.Release|Any CPU.ActiveCfg = Release|Any CPU
		{0A371C01-0076-4142-A28E-8347915D3BBF}.Release|Any CPU.Build.0 = Release|Any CPU
	EndGlobalSection
	GlobalSection(SolutionProperties) = preSolution
		HideSolutionNode = FALSE
	EndGlobalSection
	GlobalSection(ExtensibilityGlobals) = postSolution
		SolutionGuid = {250E5F73-0B9D-4553-9A17-1A7B6BE141E0}
	EndGlobalSection
EndGlobal
